
Microsoft Visual Studio Solution File, Format Version 12.00
# Visual Studio 2012
Project("{FAE04EC0-301F-11D3-BF4B-00C04F79EFBC}") = "HealthClinic", "HealthClinic\HealthClinic.csproj", "{E54F14B6-B440-45B1-8E1B-3352DDDFE40C}"
EndProject
Project("{D954291E-2A0B-460D-934E-DC6B0785DB48}") = "HealthClinic.Shared", "HealthClinic.Shared\HealthClinic.Shared.shproj", "{6E25C08F-76F2-4A5A-9991-0232ABE338CD}"
EndProject
Project("{FAE04EC0-301F-11D3-BF4B-00C04F79EFBC}") = "HealthClinic.Droid", "HealthClinic.Droid\HealthClinic.Droid.csproj", "{B543435F-636E-47C5-94C2-DDCDEB617233}"
EndProject
Project("{FAE04EC0-301F-11D3-BF4B-00C04F79EFBC}") = "HealthClinic.iOS", "HealthClinic.iOS\HealthClinic.iOS.csproj", "{23A12335-B2FA-4450-A648-E55B31513253}"
EndProject
Project("{FAE04EC0-301F-11D3-BF4B-00C04F79EFBC}") = "HealthClinic.UITests", "HealthClinic.UITests\HealthClinic.UITests.csproj", "{D51D1F8C-4063-437B-8DF7-8F43562F83B5}"
EndProject
Global
	GlobalSection(SolutionConfigurationPlatforms) = preSolution
		Debug|Any CPU = Debug|Any CPU
		Release|Any CPU = Release|Any CPU
		Debug|iPhoneSimulator = Debug|iPhoneSimulator
		Release|iPhone = Release|iPhone
		Release|iPhoneSimulator = Release|iPhoneSimulator
		Debug|iPhone = Debug|iPhone
	EndGlobalSection
	GlobalSection(ProjectConfigurationPlatforms) = postSolution
		{E54F14B6-B440-45B1-8E1B-3352DDDFE40C}.Debug|Any CPU.ActiveCfg = Debug|Any CPU
		{E54F14B6-B440-45B1-8E1B-3352DDDFE40C}.Debug|Any CPU.Build.0 = Debug|Any CPU
		{E54F14B6-B440-45B1-8E1B-3352DDDFE40C}.Release|Any CPU.ActiveCfg = Release|Any CPU
		{E54F14B6-B440-45B1-8E1B-3352DDDFE40C}.Release|Any CPU.Build.0 = Release|Any CPU
		{E54F14B6-B440-45B1-8E1B-3352DDDFE40C}.Debug|iPhoneSimulator.ActiveCfg = Debug|Any CPU
		{E54F14B6-B440-45B1-8E1B-3352DDDFE40C}.Debug|iPhoneSimulator.Build.0 = Debug|Any CPU
		{E54F14B6-B440-45B1-8E1B-3352DDDFE40C}.Release|iPhone.ActiveCfg = Release|Any CPU
		{E54F14B6-B440-45B1-8E1B-3352DDDFE40C}.Release|iPhone.Build.0 = Release|Any CPU
		{E54F14B6-B440-45B1-8E1B-3352DDDFE40C}.Release|iPhoneSimulator.ActiveCfg = Release|Any CPU
		{E54F14B6-B440-45B1-8E1B-3352DDDFE40C}.Release|iPhoneSimulator.Build.0 = Release|Any CPU
		{E54F14B6-B440-45B1-8E1B-3352DDDFE40C}.Debug|iPhone.ActiveCfg = Debug|Any CPU
		{E54F14B6-B440-45B1-8E1B-3352DDDFE40C}.Debug|iPhone.Build.0 = Debug|Any CPU
		{B543435F-636E-47C5-94C2-DDCDEB617233}.Debug|Any CPU.ActiveCfg = Debug|Any CPU
		{B543435F-636E-47C5-94C2-DDCDEB617233}.Debug|Any CPU.Build.0 = Debug|Any CPU
		{B543435F-636E-47C5-94C2-DDCDEB617233}.Release|Any CPU.ActiveCfg = Release|Any CPU
		{B543435F-636E-47C5-94C2-DDCDEB617233}.Release|Any CPU.Build.0 = Release|Any CPU
		{B543435F-636E-47C5-94C2-DDCDEB617233}.Debug|iPhoneSimulator.ActiveCfg = Debug|Any CPU
		{B543435F-636E-47C5-94C2-DDCDEB617233}.Debug|iPhoneSimulator.Build.0 = Debug|Any CPU
		{B543435F-636E-47C5-94C2-DDCDEB617233}.Release|iPhone.ActiveCfg = Release|Any CPU
		{B543435F-636E-47C5-94C2-DDCDEB617233}.Release|iPhone.Build.0 = Release|Any CPU
		{B543435F-636E-47C5-94C2-DDCDEB617233}.Release|iPhoneSimulator.ActiveCfg = Release|Any CPU
		{B543435F-636E-47C5-94C2-DDCDEB617233}.Release|iPhoneSimulator.Build.0 = Release|Any CPU
		{B543435F-636E-47C5-94C2-DDCDEB617233}.Debug|iPhone.ActiveCfg = Debug|Any CPU
		{B543435F-636E-47C5-94C2-DDCDEB617233}.Debug|iPhone.Build.0 = Debug|Any CPU
		{23A12335-B2FA-4450-A648-E55B31513253}.Debug|Any CPU.ActiveCfg = Debug|iPhoneSimulator
		{23A12335-B2FA-4450-A648-E55B31513253}.Debug|Any CPU.Build.0 = Debug|iPhoneSimulator
		{23A12335-B2FA-4450-A648-E55B31513253}.Release|Any CPU.ActiveCfg = Release|iPhone
		{23A12335-B2FA-4450-A648-E55B31513253}.Release|Any CPU.Build.0 = Release|iPhone
		{23A12335-B2FA-4450-A648-E55B31513253}.Debug|iPhoneSimulator.ActiveCfg = Debug|iPhoneSimulator
		{23A12335-B2FA-4450-A648-E55B31513253}.Debug|iPhoneSimulator.Build.0 = Debug|iPhoneSimulator
		{23A12335-B2FA-4450-A648-E55B31513253}.Release|iPhone.ActiveCfg = Release|iPhone
		{23A12335-B2FA-4450-A648-E55B31513253}.Release|iPhone.Build.0 = Release|iPhone
		{23A12335-B2FA-4450-A648-E55B31513253}.Release|iPhoneSimulator.ActiveCfg = Release|iPhoneSimulator
		{23A12335-B2FA-4450-A648-E55B31513253}.Release|iPhoneSimulator.Build.0 = Release|iPhoneSimulator
		{23A12335-B2FA-4450-A648-E55B31513253}.Debug|iPhone.ActiveCfg = Debug|iPhone
		{23A12335-B2FA-4450-A648-E55B31513253}.Debug|iPhone.Build.0 = Debug|iPhone
		{D51D1F8C-4063-437B-8DF7-8F43562F83B5}.Debug|Any CPU.ActiveCfg = Debug|Any CPU
		{D51D1F8C-4063-437B-8DF7-8F43562F83B5}.Debug|Any CPU.Build.0 = Debug|Any CPU
		{D51D1F8C-4063-437B-8DF7-8F43562F83B5}.Release|Any CPU.ActiveCfg = Release|Any CPU
		{D51D1F8C-4063-437B-8DF7-8F43562F83B5}.Release|Any CPU.Build.0 = Release|Any CPU
		{D51D1F8C-4063-437B-8DF7-8F43562F83B5}.Debug|iPhoneSimulator.ActiveCfg = Debug|Any CPU
		{D51D1F8C-4063-437B-8DF7-8F43562F83B5}.Debug|iPhoneSimulator.Build.0 = Debug|Any CPU
		{D51D1F8C-4063-437B-8DF7-8F43562F83B5}.Release|iPhone.ActiveCfg = Release|Any CPU
		{D51D1F8C-4063-437B-8DF7-8F43562F83B5}.Release|iPhone.Build.0 = Release|Any CPU
		{D51D1F8C-4063-437B-8DF7-8F43562F83B5}.Release|iPhoneSimulator.ActiveCfg = Release|Any CPU
		{D51D1F8C-4063-437B-8DF7-8F43562F83B5}.Release|iPhoneSimulator.Build.0 = Release|Any CPU
		{D51D1F8C-4063-437B-8DF7-8F43562F83B5}.Debug|iPhone.ActiveCfg = Debug|Any CPU
		{D51D1F8C-4063-437B-8DF7-8F43562F83B5}.Debug|iPhone.Build.0 = Debug|Any CPU
	EndGlobalSection
EndGlobal
